
Microsoft Visual Studio Solution File, Format Version 12.00
# Visual Studio 15
VisualStudioVersion = 15.0.27428.2037
MinimumVisualStudioVersion = 10.0.40219.1
Project("{FAE04EC0-301F-11D3-BF4B-00C04F79EFBC}") = "TpPOOHeritage", "TpPOOHeritage\TpPOOHeritage.csproj", "{277DB6BE-6BD7-41BA-A10F-1AD1547CB2F6}"
EndProject
Project("{FAE04EC0-301F-11D3-BF4B-00C04F79EFBC}") = "Hypothese2", "Hypothese2\Hypothese2.csproj", "{77154AE7-6B30-4418-B12A-A38B2509077F}"
EndProject
Global
	GlobalSection(SolutionConfigurationPlatforms) = preSolution
		Debug|Any CPU = Debug|Any CPU
		Release|Any CPU = Release|Any CPU
	EndGlobalSection
	GlobalSection(ProjectConfigurationPlatforms) = postSolution
		{277DB6BE-6BD7-41BA-A10F-1AD1547CB2F6}.Debug|Any CPU.ActiveCfg = Debug|Any CPU
		{277DB6BE-6BD7-41BA-A10F-1AD1547CB2F6}.Debug|Any CPU.Build.0 = Debug|Any CPU
		{277DB6BE-6BD7-41BA-A10F-1AD1547CB2F6}.Release|Any CPU.ActiveCfg = Release|Any CPU
		{277DB6BE-6BD7-41BA-A10F-1AD1547CB2F6}.Release|Any CPU.Build.0 = Release|Any CPU
		{77154AE7-6B30-4418-B12A-A38B2509077F}.Debug|Any CPU.ActiveCfg = Debug|Any CPU
		{77154AE7-6B30-4418-B12A-A38B2509077F}.Debug|Any CPU.Build.0 = Debug|Any CPU
		{77154AE7-6B30-4418-B12A-A38B2509077F}.Release|Any CPU.ActiveCfg = Release|Any CPU
		{77154AE7-6B30-4418-B12A-A38B2509077F}.Release|Any CPU.Build.0 = Release|Any CPU
	EndGlobalSection
	GlobalSection(SolutionProperties) = preSolution
		HideSolutionNode = FALSE
	EndGlobalSection
	GlobalSection(ExtensibilityGlobals) = postSolution
		SolutionGuid = {AB90A352-4361-4642-983D-C57D8D2A0CE8}
	EndGlobalSection
EndGlobal
